Microsoft Visual Studio Solution File, Format Version 12.00
# Visual Studio 15
VisualStudioVersion = 15.0.27130.2020
MinimumVisualStudioVersion = 15.0.26124.0
Project("{2150E333-8FDC-42A3-9474-1A3956D46DE8}") = "src", "src", "{C6B694F3-5F00-4CBB-B696-299BD72EC4E2}"
EndProject
Project("{9A19103F-16F7-4668-BE54-9A1E7A4F7556}") = "StoreOfBuild.Domain", "src\StoreOfBuild.Domain\StoreOfBuild.Domain.csproj", "{66E032E1-7E39-4775-9F95-7EFB159B4BC1}"
EndProject
Project("{9A19103F-16F7-4668-BE54-9A1E7A4F7556}") = "StoreOfBuild.Data", "src\StoreOfBuild.Data\StoreOfBuild.Data.csproj", "{72CC5C71-100E-49D9-AD75-D8F19B467478}"
EndProject
Project("{9A19103F-16F7-4668-BE54-9A1E7A4F7556}") = "StoreOfBuild.Web", "src\StoreOfBuild.Web\StoreOfBuild.Web.csproj", "{D38367B2-E291-4600-86D9-14F4CF4EA168}"
EndProject
Project("{9A19103F-16F7-4668-BE54-9A1E7A4F7556}") = "StoreOfBuild.DI", "src\StoreOfBuild.DI\StoreOfBuild.DI.csproj", "{C242F6CE-B505-4FEC-BE22-2CF2EEFFE16C}"
EndProject
Global
	GlobalSection(SolutionConfigurationPlatforms) = preSolution
		Debug|Any CPU = Debug|Any CPU
		Debug|x64 = Debug|x64
		Debug|x86 = Debug|x86
		Release|Any CPU = Release|Any CPU
		Release|x64 = Release|x64
		Release|x86 = Release|x86
	EndGlobalSection
	GlobalSection(ProjectConfigurationPlatforms) = postSolution
		{66E032E1-7E39-4775-9F95-7EFB159B4BC1}.Debug|Any CPU.ActiveCfg = Debug|Any CPU
		{66E032E1-7E39-4775-9F95-7EFB159B4BC1}.Debug|Any CPU.Build.0 = Debug|Any CPU
		{66E032E1-7E39-4775-9F95-7EFB159B4BC1}.Debug|x64.ActiveCfg = Debug|Any CPU
		{66E032E1-7E39-4775-9F95-7EFB159B4BC1}.Debug|x64.Build.0 = Debug|Any CPU
		{66E032E1-7E39-4775-9F95-7EFB159B4BC1}.Debug|x86.ActiveCfg = Debug|Any CPU
		{66E032E1-7E39-4775-9F95-7EFB159B4BC1}.Debug|x86.Build.0 = Debug|Any CPU
		{66E032E1-7E39-4775-9F95-7EFB159B4BC1}.Release|Any CPU.ActiveCfg = Release|Any CPU
		{66E032E1-7E39-4775-9F95-7EFB159B4BC1}.Release|Any CPU.Build.0 = Release|Any CPU
		{66E032E1-7E39-4775-9F95-7EFB159B4BC1}.Release|x64.ActiveCfg = Release|Any CPU
		{66E032E1-7E39-4775-9F95-7EFB159B4BC1}.Release|x64.Build.0 = Release|Any CPU
		{66E032E1-7E39-4775-9F95-7EFB159B4BC1}.Release|x86.ActiveCfg = Release|Any CPU
		{66E032E1-7E39-4775-9F95-7EFB159B4BC1}.Release|x86.Build.0 = Release|Any CPU
		{72CC5C71-100E-49D9-AD75-D8F19B467478}.Debug|Any CPU.ActiveCfg = Debug|Any CPU
		{72CC5C71-100E-49D9-AD75-D8F19B467478}.Debug|Any CPU.Build.0 = Debug|Any CPU
		{72CC5C71-100E-49D9-AD75-D8F19B467478}.Debug|x64.ActiveCfg = Debug|Any CPU
		{72CC5C71-100E-49D9-AD75-D8F19B467478}.Debug|x64.Build.0 = Debug|Any CPU
		{72CC5C71-100E-49D9-AD75-D8F19B467478}.Debug|x86.ActiveCfg = Debug|Any CPU
		{72CC5C71-100E-49D9-AD75-D8F19B467478}.Debug|x86.Build.0 = Debug|Any CPU
		{72CC5C71-100E-49D9-AD75-D8F19B467478}.Release|Any CPU.ActiveCfg = Release|Any CPU
		{72CC5C71-100E-49D9-AD75-D8F19B467478}.Release|Any CPU.Build.0 = Release|Any CPU
		{72CC5C71-100E-49D9-AD75-D8F19B467478}.Release|x64.ActiveCfg = Release|Any CPU
		{72CC5C71-100E-49D9-AD75-D8F19B467478}.Release|x64.Build.0 = Release|Any CPU
		{72CC5C71-100E-49D9-AD75-D8F19B467478}.Release|x86.ActiveCfg = Release|Any CPU
		{72CC5C71-100E-49D9-AD75-D8F19B467478}.Release|x86.Build.0 = Release|Any CPU
		{D38367B2-E291-4600-86D9-14F4CF4EA168}.Debug|Any CPU.ActiveCfg = Debug|Any CPU
		{D38367B2-E291-4600-86D9-14F4CF4EA168}.Debug|Any CPU.Build.0 = Debug|Any CPU
		{D38367B2-E291-4600-86D9-14F4CF4EA168}.Debug|x64.ActiveCfg = Debug|Any CPU
		{D38367B2-E291-4600-86D9-14F4CF4EA168}.Debug|x64.Build.0 = Debug|Any CPU
		{D38367B2-E291-4600-86D9-14F4CF4EA168}.Debug|x86.ActiveCfg = Debug|Any CPU
		{D38367B2-E291-4600-86D9-14F4CF4EA168}.Debug|x86.Build.0 = Debug|Any CPU
		{D38367B2-E291-4600-86D9-14F4CF4EA168}.Release|Any CPU.ActiveCfg = Release|Any CPU
		{D38367B2-E291-4600-86D9-14F4CF4EA168}.Release|Any CPU.Build.0 = Release|Any CPU
		{D38367B2-E291-4600-86D9-14F4CF4EA168}.Release|x64.ActiveCfg = Release|Any CPU
		{D38367B2-E291-4600-86D9-14F4CF4EA168}.Release|x64.Build.0 = Release|Any CPU
		{D38367B2-E291-4600-86D9-14F4CF4EA168}.Release|x86.ActiveCfg = Release|Any CPU
		{D38367B2-E291-4600-86D9-14F4CF4EA168}.Release|x86.Build.0 = Release|Any CPU
		{C242F6CE-B505-4FEC-BE22-2CF2EEFFE16C}.Debug|Any CPU.ActiveCfg = Debug|Any CPU
		{C242F6CE-B505-4FEC-BE22-2CF2EEFFE16C}.Debug|Any CPU.Build.0 = Debug|Any CPU
		{C242F6CE-B505-4FEC-BE22-2CF2EEFFE16C}.Debug|x64.ActiveCfg = Debug|Any CPU
		{C242F6CE-B505-4FEC-BE22-2CF2EEFFE16C}.Debug|x64.Build.0 = Debug|Any CPU
		{C242F6CE-B505-4FEC-BE22-2CF2EEFFE16C}.Debug|x86.ActiveCfg = Debug|Any CPU
		{C242F6CE-B505-4FEC-BE22-2CF2EEFFE16C}.Debug|x86.Build.0 = Debug|Any CPU
		{C242F6CE-B505-4FEC-BE22-2CF2EEFFE16C}.Release|Any CPU.ActiveCfg = Release|Any CPU
		{C242F6CE-B505-4FEC-BE22-2CF2EEFFE16C}.Release|Any CPU.Build.0 = Release|Any CPU
		{C242F6CE-B505-4FEC-BE22-2CF2EEFFE16C}.Release|x64.ActiveCfg = Release|Any CPU
		{C242F6CE-B505-4FEC-BE22-2CF2EEFFE16C}.Release|x64.Build.0 = Release|Any CPU
		{C242F6CE-B505-4FEC-BE22-2CF2EEFFE16C}.Release|x86.ActiveCfg = Release|Any CPU
		{C242F6CE-B505-4FEC-BE22-2CF2EEFFE16C}.Release|x86.Build.0 = Release|Any CPU
	EndGlobalSection
	GlobalSection(SolutionProperties) = preSolution
		HideSolutionNode = FALSE
	EndGlobalSection
	GlobalSection(NestedProjects) = preSolution
		{66E032E1-7E39-4775-9F95-7EFB159B4BC1} = {C6B694F3-5F00-4CBB-B696-299BD72EC4E2}
		{72CC5C71-100E-49D9-AD75-D8F19B467478} = {C6B694F3-5F00-4CBB-B696-299BD72EC4E2}
		{D38367B2-E291-4600-86D9-14F4CF4EA168} = {C6B694F3-5F00-4CBB-B696-299BD72EC4E2}
		{C242F6CE-B505-4FEC-BE22-2CF2EEFFE16C} = {C6B694F3-5F00-4CBB-B696-299BD72EC4E2}
	EndGlobalSection
	GlobalSection(ExtensibilityGlobals) = postSolution
		SolutionGuid = {F0E01AE5-D19B-4219-B7C8-7B06134D3AFB}
	EndGlobalSection
EndGlobal
